lockfileVersion: 5.3

specifiers:
  colors-console: ^1.0.3
  mineflayer: ^4.1.0
  mineflayer-auto-eat: ^2.3.3
  mineflayer-pathfinder: ^1.10.0
  mineflayer-pvp: ^1.2.1
  prismarine-registry: ^1.1.0

dependencies:
  colors-console: registry.npmmirror.com/colors-console/1.0.3
  mineflayer: registry.npmmirror.com/mineflayer/4.1.0_prismarine-registry@1.1.0
  mineflayer-auto-eat: registry.npmmirror.com/mineflayer-auto-eat/2.3.3
  mineflayer-pathfinder: registry.npmmirror.com/mineflayer-pathfinder/1.10.0
  mineflayer-pvp: registry.npmmirror.com/mineflayer-pvp/1.2.1_prismarine-registry@1.1.0
  prismarine-registry: registry.npmmirror.com/prismarine-registry/1.1.0

packages:

  registry.npmmirror.com/@azure/msal-common/6.1.0:
    resolution: {integrity: sha512-IGjAHttOgKDPQr0Qxx1NjABR635ZNuN7LHjxI0Y7SEA2thcaRGTccy+oaXTFabM/rZLt4F2VrPKUX4BnR9hW9g==, registry: https://registry.npm.taobao.org/, tarball: https://registry.npmmirror.com/@azure/msal-common/-/msal-common-6.1.0.tgz}
    name: '@azure/msal-common'
    version: 6.1.0
    engines: {node: '>=0.8.0'}
    dependencies:
      debug: registry.npmmirror.com/debug/4.3.4
    transitivePeerDependencies:
      - supports-color
    dev: false

  registry.npmmirror.com/@azure/msal-node/1.7.0_debug@4.3.4:
    resolution: {integrity: sha512-qDkW+Z4b0SGkkYrM1x+0s5WJ3z96vgiNZ20iwpmtCUHVfSrDiGFB8s8REKVaz7JZJi2L1s0vQRbUahly8EoGnw==, registry: https://registry.npm.taobao.org/, tarball: https://registry.npmmirror.com/@azure/msal-node/-/msal-node-1.7.0.tgz}
    id: registry.npmmirror.com/@azure/msal-node/1.7.0
    name: '@azure/msal-node'
    version: 1.7.0
    engines: {node: 10 || 12 || 14 || 16}
    dependencies:
      '@azure/msal-common': registry.npmmirror.com/@azure/msal-common/6.1.0
      axios: registry.npmmirror.com/axios/0.21.4_debug@4.3.4
      https-proxy-agent: registry.npmmirror.com/https-proxy-agent/5.0.0
      jsonwebtoken: registry.npmmirror.com/jsonwebtoken/8.5.1
      uuid: registry.npmmirror.com/uuid/8.3.2
    transitivePeerDependencies:
      - debug
      - supports-color
    dev: false

  registry.npmmirror.com/@types/node/14.18.12:
    resolution: {integrity: sha512-q4jlIR71hUpWTnGhXWcakgkZeHa3CCjcQcnuzU8M891BAWA2jHiziiWEPEkdS5pFsz7H9HJiy8BrK7tBRNrY7A==, registry: https://registry.npm.taobao.org/, tarball: https://registry.npmmirror.com/@types/node/-/node-14.18.12.tgz}
    name: '@types/node'
    version: 14.18.12
    dev: false

  registry.npmmirror.com/@xboxreplay/errors/0.1.0:
    resolution: {integrity: sha512-Tgz1d/OIPDWPeyOvuL5+aai5VCcqObhPnlI3skQuf80GVF3k1I0lPCnGC+8Cm5PV9aLBT5m8qPcJoIUQ2U4y9g==, registry: https://registry.npm.taobao.org/, tarball: https://registry.npmmirror.com/@xboxreplay/errors/-/errors-0.1.0.tgz}
    name: '@xboxreplay/errors'
    version: 0.1.0
    dev: false

  registry.npmmirror.com/@xboxreplay/xboxlive-auth/3.3.3_debug@4.3.4:
    resolution: {integrity: sha512-j0AU8pW10LM8O68CTZ5QHnvOjSsnPICy0oQcP7zyM7eWkDQ/InkiQiirQKsPn1XRYDl4ccNu0WM582s3UKwcBg==, registry: https://registry.npm.taobao.org/, tarball: https://registry.npmmirror.com/@xboxreplay/xboxlive-auth/-/xboxlive-auth-3.3.3.tgz}
    id: registry.npmmirror.com/@xboxreplay/xboxlive-auth/3.3.3
    name: '@xboxreplay/xboxlive-auth'
    version: 3.3.3
    dependencies:
      '@xboxreplay/errors': registry.npmmirror.com/@xboxreplay/errors/0.1.0
      axios: registry.npmmirror.com/axios/0.21.4_debug@4.3.4
    transitivePeerDependencies:
      - debug
    dev: false

  registry.npmmirror.com/aes-js/3.1.2:
    resolution: {integrity: sha512-e5pEa2kBnBOgR4Y/p20pskXI74UEz7de8ZGVo58asOtvSVG5YAbJeELPZxOmt+Bnz3rX753YKhfIn4X4l1PPRQ==, registry: https://registry.npm.taobao.org/, tarball: https://registry.npmmirror.com/aes-js/-/aes-js-3.1.2.tgz}
    name: aes-js
    version: 3.1.2
    dev: false

  registry.npmmirror.com/agent-base/6.0.2:
    resolution: {integrity: sha512-RZNwNclF7+MS/8bDg70amg32dyeZGZxiDuQmZxKLAlQjr3jGyLx+4Kkk58UO7D2QdgFIQCovuSuZESne6RG6XQ==, registry: https://registry.npm.taobao.org/, tarball: https://registry.npmmirror.com/agent-base/-/agent-base-6.0.2.tgz}
    name: agent-base
    version: 6.0.2
    engines: {node: '>= 6.0.0'}
    dependencies:
      debug: registry.npmmirror.com/debug/4.3.4
    transitivePeerDependencies:
      - supports-color
    dev: false

  registry.npmmirror.com/ajv/6.12.6:
    resolution: {integrity: sha512-j3fVLgvTo527anyYyJOGTYJbG+vnnQYvE0m5mmkc1TK+nxAppkCLMIL0aZ4dblVCNoGShhm+kzE4ZUykBoMg4g==, registry: https://registry.npm.taobao.org/, tarball: https://registry.npmmirror.com/ajv/-/ajv-6.12.6.tgz}
    name: ajv
    version: 6.12.6
    dependencies:
      fast-deep-equal: registry.npmmirror.com/fast-deep-equal/3.1.3
      fast-json-stable-stringify: registry.npmmirror.com/fast-json-stable-stringify/2.1.0
      json-schema-traverse: registry.npmmirror.com/json-schema-traverse/0.4.1
      uri-js: registry.npmmirror.com/uri-js/4.4.1
    dev: false

  registry.npmmirror.com/asn1/0.2.3:
    resolution: {integrity: sha512-6i37w/+EhlWlGUJff3T/Q8u1RGmP5wgbiwYnOnbOqvtrPxT63/sYFyP9RcpxtxGymtfA075IvmOnL7ycNOWl3w==, registry: https://registry.npm.taobao.org/, tarball: https://registry.npmmirror.com/asn1/-/asn1-0.2.3.tgz}
    name: asn1
    version: 0.2.3
    dev: false

  registry.npmmirror.com/axios/0.21.4_debug@4.3.4:
    resolution: {integrity: sha512-ut5vewkiu8jjGBdqpM44XxjuCjq9LAKeHVmoVfHVzy8eHgxxq8SbAVQNovDA8mVi05kP0Ea/n/UzcSHcTJQfNg==, registry: https://registry.npm.taobao.org/, tarball: https://registry.npmmirror.com/axios/-/axios-0.21.4.tgz}
    id: registry.npmmirror.com/axios/0.21.4
    name: axios
    version: 0.21.4
    dependencies:
      follow-redirects: registry.npmmirror.com/follow-redirects/1.14.9_debug@4.3.4
    transitivePeerDependencies:
      - debug
    dev: false

  registry.npmmirror.com/buffer-equal-constant-time/1.0.1:
    resolution: {integrity: sha512-zRpUiDwd/xk6ADqPMATG8vc9VPrkck7T07OIx0gnjmJAnHnTVXNQG3vfvWNuiZIkwu9KrKdA1iJKfsfTVxE6NA==, registry: https://registry.npm.taobao.org/, tarball: https://registry.npmmirror.com/buffer-equal-constant-time/-/buffer-equal-constant-time-1.0.1.tgz}
    name: buffer-equal-constant-time
    version: 1.0.1
    dev: false

  registry.npmmirror.com/buffer-equal/1.0.0:
    resolution: {integrity: sha512-tcBWO2Dl4e7Asr9hTGcpVrCe+F7DubpmqWCTbj4FHLmjqO2hIaC383acQubWtRJhdceqs5uBHs6Es+Sk//RKiQ==, registry: https://registry.npm.taobao.org/, tarball: https://registry.npmmirror.com/buffer-equal/-/buffer-equal-1.0.0.tgz}
    name: buffer-equal
    version: 1.0.0
    engines: {node: '>=0.4.0'}
    dev: false

  registry.npmmirror.com/colors-console/1.0.3:
    resolution: {integrity: sha512-Q31K32UwadWqAxs+Iu46gNm4HJqUwrTJT2zen5NnhkKE5w7uqeZQZiuODUOxM/zOtHfiUTkia0io6zbN/VcCUQ==, registry: https://registry.npm.taobao.org/, tarball: https://registry.npmmirror.com/colors-console/-/colors-console-1.0.3.tgz}
    name: colors-console
    version: 1.0.3
    dev: false

  registry.npmmirror.com/commander/2.20.3:
    resolution: {integrity: sha512-GpVkmM8vF2vQUkj2LvZmD35JxeJOLCwJ9cUkugyk2nuhbv3+mJvpLYYt+0+USMxE+oj+ey/lJEnhZw75x/OMcQ==, registry: https://registry.npm.taobao.org/, tarball: https://registry.npmmirror.com/commander/-/commander-2.20.3.tgz}
    name: commander
    version: 2.20.3
    dev: false

  registry.npmmirror.com/debug/4.3.4:
    resolution: {integrity: sha512-PRWFHuSU3eDtQJPvnNY7Jcket1j0t5OuOsFzPPzsekD52Zl8qUfFIPEiswXqIvHWGVHOgX+7G/vCNNhehwxfkQ==, registry: https://registry.npm.taobao.org/, tarball: https://registry.npmmirror.com/debug/-/debug-4.3.4.tgz}
    name: debug
    version: 4.3.4
    engines: {node: '>=6.0'}
    peerDependencies:
      supports-color: '*'
    peerDependenciesMeta:
      supports-color:
        optional: true
    dependencies:
      ms: registry.npmmirror.com/ms/2.1.2
    dev: false

  registry.npmmirror.com/discontinuous-range/1.0.0:
    resolution: {integrity: sha512-c68LpLbO+7kP/b1Hr1qs8/BJ09F5khZGTxqxZuhzxpmwJKOgRFHJWIb9/KmqnqHhLdO55aOxFH/EGBvUQbL/RQ==, registry: https://registry.npm.taobao.org/, tarball: https://registry.npmmirror.com/discontinuous-range/-/discontinuous-range-1.0.0.tgz}
    name: discontinuous-range
    version: 1.0.0
    dev: false

  registry.npmmirror.com/ecdsa-sig-formatter/1.0.11:
    resolution: {integrity: sha512-nagl3RYrbNv6kQkeJIpt6NJZy8twLB/2vtz6yN9Z4vRKHN4/QZJIEbqohALSgwKdnksuY3k5Addp5lg8sVoVcQ==, registry: https://registry.npm.taobao.org/, tarball: https://registry.npmmirror.com/ecdsa-sig-formatter/-/ecdsa-sig-formatter-1.0.11.tgz}
    name: ecdsa-sig-formatter
    version: 1.0.11
    dependencies:
      safe-buffer: registry.npmmirror.com/safe-buffer/5.2.1
    dev: false

  registry.npmmirror.com/endian-toggle/0.0.0:
    resolution: {integrity: sha512-ShfqhXeHRE4TmggSlHXG8CMGIcsOsqDw/GcoPcosToE59Rm9e4aXaMhEQf2kPBsBRrKem1bbOAv5gOKnkliMFQ==, registry: https://registry.npm.taobao.org/, tarball: https://registry.npmmirror.com/endian-toggle/-/endian-toggle-0.0.0.tgz}
    name: endian-toggle
    version: 0.0.0
    dev: false

  registry.npmmirror.com/fast-deep-equal/3.1.3:
    resolution: {integrity: sha512-f3qQ9oQy9j2AhBe/H9VC91wLmKBCCU/gDOnKNAYG5hswO7BLKj09Hc5HYNz9cGI++xlpDCIgDaitVs03ATR84Q==, registry: https://registry.npm.taobao.org/, tarball: https://registry.npmmirror.com/fast-deep-equal/-/fast-deep-equal-3.1.3.tgz}
    name: fast-deep-equal
    version: 3.1.3
    dev: false

  registry.npmmirror.com/fast-json-stable-stringify/2.1.0:
    resolution: {integrity: sha512-lhd/wF+Lk98HZoTCtlVraHtfh5XYijIjalXck7saUtuanSDyLMxnHhSXEDJqHxD7msR8D0uCmqlkwjCV8xvwHw==, registry: https://registry.npm.taobao.org/, tarball: https://registry.npmmirror.com/fast-json-stable-stringify/-/fast-json-stable-stringify-2.1.0.tgz}
    name: fast-json-stable-stringify
    version: 2.1.0
    dev: false

  registry.npmmirror.com/follow-redirects/1.14.9_debug@4.3.4:
    resolution: {integrity: sha512-MQDfihBQYMcyy5dhRDJUHcw7lb2Pv/TuE6xP1vyraLukNDHKbDxDNaOE3NbCAdKQApno+GPRyo1YAp89yCjK4w==, registry: https://registry.npm.taobao.org/, tarball: https://registry.npmmirror.com/follow-redirects/-/follow-redirects-1.14.9.tgz}
    id: registry.npmmirror.com/follow-redirects/1.14.9
    name: follow-redirects
    version: 1.14.9
    engines: {node: '>=4.0'}
    peerDependencies:
      debug: '*'
    peerDependenciesMeta:
      debug:
        optional: true
    dependencies:
      debug: registry.npmmirror.com/debug/4.3.4
    dev: false

  registry.npmmirror.com/https-proxy-agent/5.0.0:
    resolution: {integrity: sha512-EkYm5BcKUGiduxzSt3Eppko+PiNWNEpa4ySk9vTC6wDsQJW9rHSa+UhGNJoRYp7bz6Ht1eaRIa6QaJqO5rCFbA==, registry: https://registry.npm.taobao.org/, tarball: https://registry.npmmirror.com/https-proxy-agent/-/https-proxy-agent-5.0.0.tgz}
    name: https-proxy-agent
    version: 5.0.0
    engines: {node: '>= 6'}
    dependencies:
      agent-base: registry.npmmirror.com/agent-base/6.0.2
      debug: registry.npmmirror.com/debug/4.3.4
    transitivePeerDependencies:
      - supports-color
    dev: false

  registry.npmmirror.com/inherits/2.0.4:
    resolution: {integrity: sha512-k/vGaX4/Yla3WzyMCvTQOXYeIHvqOKtnqBduzTHpzpQZzAskKMhZ2K+EnBiSM9zGSoIFeMpXKxa4dYeZIQqewQ==, registry: https://registry.npm.taobao.org/, tarball: https://registry.npmmirror.com/inherits/-/inherits-2.0.4.tgz}
    name: inherits
    version: 2.0.4
    dev: false

  registry.npmmirror.com/jose/4.6.0:
    resolution: {integrity: sha512-0hNAkhMBNi4soKSAX4zYOFV+aqJlEz/4j4fregvasJzEVtjDChvWqRjPvHwLqr5hx28Ayr6bsOs1Kuj87V0O8w==, registry: https://registry.npm.taobao.org/, tarball: https://registry.npmmirror.com/jose/-/jose-4.6.0.tgz}
    name: jose
    version: 4.6.0
    dev: false

  registry.npmmirror.com/json-schema-traverse/0.4.1:
    resolution: {integrity: sha512-xbbCH5dCYU5T8LcEhhuh7HJ88HXuW3qsI3Y0zOZFKfZEHcpWiHU/Jxzk629Brsab/mMiHQti9wMP+845RPe3Vg==, registry: https://registry.npm.taobao.org/, tarball: https://registry.npmmirror.com/json-schema-traverse/-/json-schema-traverse-0.4.1.tgz}
    name: json-schema-traverse
    version: 0.4.1
    dev: false

  registry.npmmirror.com/jsonwebtoken/8.5.1:
    resolution: {integrity: sha512-XjwVfRS6jTMsqYs0EsuJ4LGxXV14zQybNd4L2r0UvbVnSF9Af8x7p5MzbJ90Ioz/9TI41/hTCvznF/loiSzn8w==, registry: https://registry.npm.taobao.org/, tarball: https://registry.npmmirror.com/jsonwebtoken/-/jsonwebtoken-8.5.1.tgz}
    name: jsonwebtoken
    version: 8.5.1
    engines: {node: '>=4', npm: '>=1.4.28'}
    dependencies:
      jws: registry.npmmirror.com/jws/3.2.2
      lodash.includes: registry.npmmirror.com/lodash.includes/4.3.0
      lodash.isboolean: registry.npmmirror.com/lodash.isboolean/3.0.3
      lodash.isinteger: registry.npmmirror.com/lodash.isinteger/4.0.4
      lodash.isnumber: registry.npmmirror.com/lodash.isnumber/3.0.3
      lodash.isplainobject: registry.npmmirror.com/lodash.isplainobject/4.0.6
      lodash.isstring: registry.npmmirror.com/lodash.isstring/4.0.1
      lodash.once: registry.npmmirror.com/lodash.once/4.1.1
      ms: registry.npmmirror.com/ms/2.1.3
      semver: registry.npmmirror.com/semver/5.7.1
    dev: false

  registry.npmmirror.com/jwa/1.4.1:
    resolution: {integrity: sha512-qiLX/xhEEFKUAJ6FiBMbes3w9ATzyk5W7Hvzpa/SLYdxNtng+gcurvrI7TbACjIXlsJyr05/S1oUhZrc63evQA==, registry: https://registry.npm.taobao.org/, tarball: https://registry.npmmirror.com/jwa/-/jwa-1.4.1.tgz}
    name: jwa
    version: 1.4.1
    dependencies:
      buffer-equal-constant-time: registry.npmmirror.com/buffer-equal-constant-time/1.0.1
      ecdsa-sig-formatter: registry.npmmirror.com/ecdsa-sig-formatter/1.0.11
      safe-buffer: registry.npmmirror.com/safe-buffer/5.2.1
    dev: false

  registry.npmmirror.com/jws/3.2.2:
    resolution: {integrity: sha512-YHlZCB6lMTllWDtSPHz/ZXTsi8S00usEV6v1tjq8tOUZzw7DpSDWVXjXDre6ed1w/pd495ODpHZYSdkRTsa0HA==, registry: https://registry.npm.taobao.org/, tarball: https://registry.npmmirror.com/jws/-/jws-3.2.2.tgz}
    name: jws
    version: 3.2.2
    dependencies:
      jwa: registry.npmmirror.com/jwa/1.4.1
      safe-buffer: registry.npmmirror.com/safe-buffer/5.2.1
    dev: false

  registry.npmmirror.com/lodash.get/4.4.2:
    resolution: {integrity: sha512-z+Uw/vLuy6gQe8cfaFWD7p0wVv8fJl3mbzXh33RS+0oW2wvUqiRXiQ69gLWSLpgB5/6sU+r6BlQR0MBILadqTQ==, registry: https://registry.npm.taobao.org/, tarball: https://registry.npmmirror.com/lodash.get/-/lodash.get-4.4.2.tgz}
    name: lodash.get
    version: 4.4.2
    dev: false

  registry.npmmirror.com/lodash.includes/4.3.0:
    resolution: {integrity: sha512-W3Bx6mdkRTGtlJISOvVD/lbqjTlPPUDTMnlXZFnVwi9NKJ6tiAk6LVdlhZMm17VZisqhKcgzpO5Wz91PCt5b0w==, registry: https://registry.npm.taobao.org/, tarball: https://registry.npmmirror.com/lodash.includes/-/lodash.includes-4.3.0.tgz}
    name: lodash.includes
    version: 4.3.0
    dev: false

  registry.npmmirror.com/lodash.isboolean/3.0.3:
    resolution: {integrity: sha512-Bz5mupy2SVbPHURB98VAcw+aHh4vRV5IPNhILUCsOzRmsTmSQ17jIuqopAentWoehktxGd9e/hbIXq980/1QJg==, registry: https://registry.npm.taobao.org/, tarball: https://registry.npmmirror.com/lodash.isboolean/-/lodash.isboolean-3.0.3.tgz}
    name: lodash.isboolean
    version: 3.0.3
    dev: false

  registry.npmmirror.com/lodash.isinteger/4.0.4:
    resolution: {integrity: sha512-DBwtEWN2caHQ9/imiNeEA5ys1JoRtRfY3d7V9wkqtbycnAmTvRRmbHKDV4a0EYc678/dia0jrte4tjYwVBaZUA==, registry: https://registry.npm.taobao.org/, tarball: https://registry.npmmirror.com/lodash.isinteger/-/lodash.isinteger-4.0.4.tgz}
    name: lodash.isinteger
    version: 4.0.4
    dev: false

  registry.npmmirror.com/lodash.isnumber/3.0.3:
    resolution: {integrity: sha512-QYqzpfwO3/CWf3XP+Z+tkQsfaLL/EnUlXWVkIk5FUPc4sBdTehEqZONuyRt2P67PXAk+NXmTBcc97zw9t1FQrw==, registry: https://registry.npm.taobao.org/, tarball: https://registry.npmmirror.com/lodash.isnumber/-/lodash.isnumber-3.0.3.tgz}
    name: lodash.isnumber
    version: 3.0.3
    dev: false

  registry.npmmirror.com/lodash.isplainobject/4.0.6:
    resolution: {integrity: sha512-oSXzaWypCMHkPC3NvBEaPHf0KsA5mvPrOPgQWDsbg8n7orZ290M0BmC/jgRZ4vcJ6DTAhjrsSYgdsW/F+MFOBA==, registry: https://registry.npm.taobao.org/, tarball: https://registry.npmmirror.com/lodash.isplainobject/-/lodash.isplainobject-4.0.6.tgz}
    name: lodash.isplainobject
    version: 4.0.6
    dev: false

  registry.npmmirror.com/lodash.isstring/4.0.1:
    resolution: {integrity: sha512-0wJxfxH1wgO3GrbuP+dTTk7op+6L41QCXbGINEmD+ny/G/eCqGzxyCsh7159S+mgDDcoarnBw6PC1PS5+wUGgw==, registry: https://registry.npm.taobao.org/, tarball: https://registry.npmmirror.com/lodash.isstring/-/lodash.isstring-4.0.1.tgz}
    name: lodash.isstring
    version: 4.0.1
    dev: false

  registry.npmmirror.com/lodash.merge/4.6.2:
    resolution: {integrity: sha512-0KpjqXRVvrYyCsX1swR/XTK0va6VQkQM6MNo7PqW77ByjAhoARA8EfrP1N4+KlKj8YS0ZUCtRT/YUuhyYDujIQ==, registry: https://registry.npm.taobao.org/, tarball: https://registry.npmmirror.com/lodash.merge/-/lodash.merge-4.6.2.tgz}
    name: lodash.merge
    version: 4.6.2
    dev: false

  registry.npmmirror.com/lodash.once/4.1.1:
    resolution: {integrity: sha512-Sb487aTOCr9drQVL8pIxOzVhafOjZN9UU54hiN8PU3uAiSV7lx1yYNpbNmex2PK6dSJoNTSJUUswT651yww3Mg==, registry: https://registry.npm.taobao.org/, tarball: https://registry.npmmirror.com/lodash.once/-/lodash.once-4.1.1.tgz}
    name: lodash.once
    version: 4.1.1
    dev: false

  registry.npmmirror.com/lodash.reduce/4.6.0:
    resolution: {integrity: sha512-6raRe2vxCYBhpBu+B+TtNGUzah+hQjVdu3E17wfusjyrXBka2nBS8OH/gjVZ5PvHOhWmIZTYri09Z6n/QfnNMw==, registry: https://registry.npm.taobao.org/, tarball: https://registry.npmmirror.com/lodash.reduce/-/lodash.reduce-4.6.0.tgz}
    name: lodash.reduce
    version: 4.6.0
    dev: false

  registry.npmmirror.com/macaddress/0.5.2:
    resolution: {integrity: sha512-cYYBbT3b84hTEHssWE6OmsuqF/NiLXE2RGK9Sc9SwwE9kMoKrbaUAJtKs6ucd0FFgZjXE1Wm3hoGEEYas0N6EA==, registry: https://registry.npm.taobao.org/, tarball: https://registry.npmmirror.com/macaddress/-/macaddress-0.5.2.tgz}
    name: macaddress
    version: 0.5.2
    dev: false

  registry.npmmirror.com/minecraft-data/2.220.0:
    resolution: {integrity: sha512-6/1TxrX9jf8z8aRxWtB9IiDy6O3t6Yor/qGxCDB8ibahf/Ss5HNaPjjjjATLrdT2KrIWywv5oc4eSZ2bfXlDmQ==, registry: https://registry.npm.taobao.org/, tarball: https://registry.npmmirror.com/minecraft-data/-/minecraft-data-2.220.0.tgz}
    name: minecraft-data
    version: 2.220.0
    dev: false

  registry.npmmirror.com/minecraft-folder-path/1.2.0:
    resolution: {integrity: sha512-qaUSbKWoOsH9brn0JQuBhxNAzTDMwrOXorwuRxdJKKKDYvZhtml+6GVCUrY5HRiEsieBEjCUnhVpDuQiKsiFaw==, registry: https://registry.npm.taobao.org/, tarball: https://registry.npmmirror.com/minecraft-folder-path/-/minecraft-folder-path-1.2.0.tgz}
    name: minecraft-folder-path
    version: 1.2.0
    dev: false

  registry.npmmirror.com/minecraft-protocol/1.32.0:
    resolution: {integrity: sha512-KIg/SnKagSe2GtVjvWealobTkC1VLPCRYpzIZd4l+rbo3fND1e1NBmfZVsawbByYwK6/STKODkMJgk763FejTQ==, registry: https://registry.npm.taobao.org/, tarball: https://registry.npmmirror.com/minecraft-protocol/-/minecraft-protocol-1.32.0.tgz}
    name: minecraft-protocol
    version: 1.32.0
    engines: {node: '>=14'}
    dependencies:
      aes-js: registry.npmmirror.com/aes-js/3.1.2
      buffer-equal: registry.npmmirror.com/buffer-equal/1.0.0
      debug: registry.npmmirror.com/debug/4.3.4
      endian-toggle: registry.npmmirror.com/endian-toggle/0.0.0
      lodash.get: registry.npmmirror.com/lodash.get/4.4.2
      lodash.merge: registry.npmmirror.com/lodash.merge/4.6.2
      minecraft-data: registry.npmmirror.com/minecraft-data/2.220.0
      minecraft-folder-path: registry.npmmirror.com/minecraft-folder-path/1.2.0
      node-fetch: registry.npmmirror.com/node-fetch/2.6.7
      node-rsa: registry.npmmirror.com/node-rsa/0.4.2
      prismarine-auth: registry.npmmirror.com/prismarine-auth/1.5.0
      prismarine-nbt: registry.npmmirror.com/prismarine-nbt/2.2.0
      protodef: registry.npmmirror.com/protodef/1.15.0
      readable-stream: registry.npmmirror.com/readable-stream/3.6.0
      uuid-1345: registry.npmmirror.com/uuid-1345/1.0.2
      yggdrasil: registry.npmmirror.com/yggdrasil/1.6.1
    transitivePeerDependencies:
      - encoding
      - supports-color
    dev: false

  registry.npmmirror.com/mineflayer-auto-eat/2.3.3:
    resolution: {integrity: sha512-fy0Jjd9dcnjkcucPcs2uN13wYF4KChEby11pO6Iq3SyRDqjHuKa7U/DKbo5MZaTmucBMRPE1+ETl3kWEI/FCjg==, registry: https://registry.npm.taobao.org/, tarball: https://registry.npmmirror.com/mineflayer-auto-eat/-/mineflayer-auto-eat-2.3.3.tgz}
    name: mineflayer-auto-eat
    version: 2.3.3
    dependencies:
      minecraft-data: registry.npmmirror.com/minecraft-data/2.220.0
    dev: false

  registry.npmmirror.com/mineflayer-pathfinder/1.10.0:
    resolution: {integrity: sha512-2OZYoDv7GqiEKK33ql8BQeFIb8jvRo+GSTWE1ZP7BABH0w78WYLhAdKhMuUKfUFWfz/H5SnnYDDV/Zhvy0ReBg==, registry: https://registry.npm.taobao.org/, tarball: https://registry.npmmirror.com/mineflayer-pathfinder/-/mineflayer-pathfinder-1.10.0.tgz}
    name: mineflayer-pathfinder
    version: 1.10.0
    dependencies:
      minecraft-data: registry.npmmirror.com/minecraft-data/2.220.0
      prismarine-block: registry.npmmirror.com/prismarine-block/1.15.0_minecraft-data@2.220.0
      prismarine-entity: registry.npmmirror.com/prismarine-entity/2.1.0
      prismarine-item: registry.npmmirror.com/prismarine-item/1.11.3
      prismarine-nbt: registry.npmmirror.com/prismarine-nbt/2.2.0
      prismarine-physics: registry.npmmirror.com/prismarine-physics/1.4.0
      vec3: registry.npmmirror.com/vec3/0.1.7
    dev: false

  registry.npmmirror.com/mineflayer-pvp/1.2.1_prismarine-registry@1.1.0:
    resolution: {integrity: sha512-4KGRTzNuX+3adD/4DKcvdO5Mc2YT3vXdHkK8ucIrxXP4H2SH2wk3lzFJt+zvqsds234KcMjuVozHG4iCxaewmQ==, registry: https://registry.npm.taobao.org/, tarball: https://registry.npmmirror.com/mineflayer-pvp/-/mineflayer-pvp-1.2.1.tgz}
    id: registry.npmmirror.com/mineflayer-pvp/1.2.1
    name: mineflayer-pvp
    version: 1.2.1
    dependencies:
      mineflayer: registry.npmmirror.com/mineflayer/4.1.0_prismarine-registry@1.1.0
      mineflayer-pathfinder: registry.npmmirror.com/mineflayer-pathfinder/1.10.0
      mineflayer-utils: registry.npmmirror.com/mineflayer-utils/0.1.4_prismarine-registry@1.1.0
    transitivePeerDependencies:
      - encoding
      - prismarine-registry
      - supports-color
    dev: false

  registry.npmmirror.com/mineflayer-utils/0.1.4_prismarine-registry@1.1.0:
    resolution: {integrity: sha512-8+0dbGAjA6FO62/W80v5k44AuSAcwJUMdpMAAGhjI9AdCDz+UuyTnNkPBncF4EcLY7yUUdtA7m/OXQZKFdWOlg==, registry: https://registry.npm.taobao.org/, tarball: https://registry.npmmirror.com/mineflayer-utils/-/mineflayer-utils-0.1.4.tgz}
    id: registry.npmmirror.com/mineflayer-utils/0.1.4
    name: mineflayer-utils
    version: 0.1.4
    dependencies:
      '@types/node': registry.npmmirror.com/@types/node/14.18.12
      mineflayer: registry.npmmirror.com/mineflayer/2.41.0_prismarine-registry@1.1.0
      prismarine-entity: registry.npmmirror.com/prismarine-entity/1.2.0
      require-self: registry.npmmirror.com/require-self/0.2.3
      typescript: registry.npmmirror.com/typescript/3.9.10
    transitivePeerDependencies:
      - encoding
      - prismarine-registry
      - supports-color
    dev: false

  registry.npmmirror.com/mineflayer/2.41.0_prismarine-registry@1.1.0:
    resolution: {integrity: sha512-IFFy4NgF24FU2PkAwazJphl2F+3gpbpN578ex0sq1XfcBBRge3kCz1UC2KDMjKI+V/8vffOL+OEnug9jt3f7Vw==, registry: https://registry.npm.taobao.org/, tarball: https://registry.npmmirror.com/mineflayer/-/mineflayer-2.41.0.tgz}
    id: registry.npmmirror.com/mineflayer/2.41.0
    name: mineflayer
    version: 2.41.0
    engines: {node: '>=14'}
    dependencies:
      minecraft-data: registry.npmmirror.com/minecraft-data/2.220.0
      minecraft-protocol: registry.npmmirror.com/minecraft-protocol/1.32.0
      prismarine-biome: registry.npmmirror.com/prismarine-biome/1.2.1_4d56a6996ed36a6005359fbe30de62d8
      prismarine-block: registry.npmmirror.com/prismarine-block/1.15.0_minecraft-data@2.220.0
      prismarine-chat: registry.npmmirror.com/prismarine-chat/1.6.0
      prismarine-chunk: registry.npmmirror.com/prismarine-chunk/1.30.0
      prismarine-entity: registry.npmmirror.com/prismarine-entity/1.2.0
      prismarine-item: registry.npmmirror.com/prismarine-item/1.11.3
      prismarine-physics: registry.npmmirror.com/prismarine-physics/1.4.0
      prismarine-recipe: registry.npmmirror.com/prismarine-recipe/1.1.0_minecraft-data@2.220.0
      prismarine-windows: registry.npmmirror.com/prismarine-windows/1.6.0
      prismarine-world: registry.npmmirror.com/prismarine-world/3.6.0
      protodef: registry.npmmirror.com/protodef/1.15.0
      typed-emitter: registry.npmmirror.com/typed-emitter/1.4.0
      vec3: registry.npmmirror.com/vec3/0.1.7
    transitivePeerDependencies:
      - encoding
      - prismarine-registry
      - supports-color
    dev: false

  registry.npmmirror.com/mineflayer/4.1.0_prismarine-registry@1.1.0:
    resolution: {integrity: sha512-Av6qote/cmWrlCB4WArleKHmh8zrU4SYOygdLVi9OglUbsUnaIGPkbSrneL0vhW/io+1WR6/OjHts8W8Hc73Dg==, registry: https://registry.npm.taobao.org/, tarball: https://registry.npmmirror.com/mineflayer/-/mineflayer-4.1.0.tgz}
    id: registry.npmmirror.com/mineflayer/4.1.0
    name: mineflayer
    version: 4.1.0
    engines: {node: '>=14'}
    dependencies:
      minecraft-data: registry.npmmirror.com/minecraft-data/2.220.0
      minecraft-protocol: registry.npmmirror.com/minecraft-protocol/1.32.0
      prismarine-biome: registry.npmmirror.com/prismarine-biome/1.2.1_4d56a6996ed36a6005359fbe30de62d8
      prismarine-block: registry.npmmirror.com/prismarine-block/1.15.0_minecraft-data@2.220.0
      prismarine-chat: registry.npmmirror.com/prismarine-chat/1.6.0
      prismarine-chunk: registry.npmmirror.com/prismarine-chunk/1.30.0
      prismarine-entity: registry.npmmirror.com/prismarine-entity/2.1.0
      prismarine-item: registry.npmmirror.com/prismarine-item/1.11.3
      prismarine-nbt: registry.npmmirror.com/prismarine-nbt/2.2.0
      prismarine-physics: registry.npmmirror.com/prismarine-physics/1.4.0
      prismarine-recipe: registry.npmmirror.com/prismarine-recipe/1.1.0_minecraft-data@2.220.0
      prismarine-windows: registry.npmmirror.com/prismarine-windows/2.4.3
      prismarine-world: registry.npmmirror.com/prismarine-world/3.6.0
      protodef: registry.npmmirror.com/protodef/1.15.0
      typed-emitter: registry.npmmirror.com/typed-emitter/1.4.0
      vec3: registry.npmmirror.com/vec3/0.1.7
    transitivePeerDependencies:
      - encoding
      - prismarine-registry
      - supports-color
    dev: false

  registry.npmmirror.com/mojangson/2.0.2:
    resolution: {integrity: sha512-iGPRE1Ez+W+42Dt4Ao91c9VVs+FmuRUlAFDef76xRX3mbZrTNuezDtFI0PbfYqheg/B0fSiq0Q0V1emZNt37cw==, registry: https://registry.npm.taobao.org/, tarball: https://registry.npmmirror.com/mojangson/-/mojangson-2.0.2.tgz}
    name: mojangson
    version: 2.0.2
    dependencies:
      nearley: registry.npmmirror.com/nearley/2.20.1
    dev: false

  registry.npmmirror.com/moo/0.5.1:
    resolution: {integrity: sha512-I1mnb5xn4fO80BH9BLcF0yLypy2UKl+Cb01Fu0hJRkJjlCRtxZMWkTdAtDd5ZqCOxtCkhmRwyI57vWT+1iZ67w==, registry: https://registry.npm.taobao.org/, tarball: https://registry.npmmirror.com/moo/-/moo-0.5.1.tgz}
    name: moo
    version: 0.5.1
    dev: false

  registry.npmmirror.com/ms/2.1.2:
    resolution: {integrity: sha512-sGkPx+VjMtmA6MX27oA4FBFELFCZZ4S4XqeGOXCv68tT+jb3vk/RyaKWP0PTKyWtmLSM0b+adUTEvbs1PEaH2w==, registry: https://registry.npm.taobao.org/, tarball: https://registry.npmmirror.com/ms/-/ms-2.1.2.tgz}
    name: ms
    version: 2.1.2
    dev: false

  registry.npmmirror.com/ms/2.1.3:
    resolution: {integrity: sha512-6FlzubTLZG3J2a/NVCAleEhjzq5oxgHyaCU9yYXvcLsvoVaHJq/s5xXI6/XXP6tz7R9xAOtHnSO/tXtF3WRTlA==, registry: https://registry.npm.taobao.org/, tarball: https://registry.npmmirror.com/ms/-/ms-2.1.3.tgz}
    name: ms
    version: 2.1.3
    dev: false

  registry.npmmirror.com/nearley/2.20.1:
    resolution: {integrity: sha512-+Mc8UaAebFzgV+KpI5n7DasuuQCHA89dmwm7JXw3TV43ukfNQ9DnBH3Mdb2g/I4Fdxc26pwimBWvjIw0UAILSQ==, registry: https://registry.npm.taobao.org/, tarball: https://registry.npmmirror.com/nearley/-/nearley-2.20.1.tgz}
    name: nearley
    version: 2.20.1
    hasBin: true
    dependencies:
      commander: registry.npmmirror.com/commander/2.20.3
      moo: registry.npmmirror.com/moo/0.5.1
      railroad-diagrams: registry.npmmirror.com/railroad-diagrams/1.0.0
      randexp: registry.npmmirror.com/randexp/0.4.6
    dev: false

  registry.npmmirror.com/node-fetch/2.6.7:
    resolution: {integrity: sha512-ZjMPFEfVx5j+y2yF35Kzx5sF7kDzxuDj6ziH4FFbOp87zKDZNx8yExJIb05OGF4Nlt9IHFIMBkRl41VdvcNdbQ==, registry: https://registry.npm.taobao.org/, tarball: https://registry.npmmirror.com/node-fetch/-/node-fetch-2.6.7.tgz}
    name: node-fetch
    version: 2.6.7
    engines: {node: 4.x || >=6.0.0}
    peerDependencies:
      encoding: ^0.1.0
    peerDependenciesMeta:
      encoding:
        optional: true
    dependencies:
      whatwg-url: registry.npmmirror.com/whatwg-url/5.0.0
    dev: false

  registry.npmmirror.com/node-rsa/0.4.2:
    resolution: {integrity: sha512-Bvso6Zi9LY4otIZefYrscsUpo2mUpiAVIEmSZV2q41sP8tHZoert3Yu6zv4f/RXJqMNZQKCtnhDugIuCma23YA==, registry: https://registry.npm.taobao.org/, tarball: https://registry.npmmirror.com/node-rsa/-/node-rsa-0.4.2.tgz}
    name: node-rsa
    version: 0.4.2
    dependencies:
      asn1: registry.npmmirror.com/asn1/0.2.3
    dev: false

  registry.npmmirror.com/prismarine-auth/1.5.0:
    resolution: {integrity: sha512-b3vDr53ac1mdp2AyRDVVKGp3eqXKKNXuZZ0Cxjc2HzVxhurPhRBETOM3/nrgGr9yt7FdI2+/60w7w5B55crJiA==, registry: https://registry.npm.taobao.org/, tarball: https://registry.npmmirror.com/prismarine-auth/-/prismarine-auth-1.5.0.tgz}
    name: prismarine-auth
    version: 1.5.0
    dependencies:
      '@azure/msal-node': registry.npmmirror.com/@azure/msal-node/1.7.0_debug@4.3.4
      '@xboxreplay/xboxlive-auth': registry.npmmirror.com/@xboxreplay/xboxlive-auth/3.3.3_debug@4.3.4
      debug: registry.npmmirror.com/debug/4.3.4
      jose: registry.npmmirror.com/jose/4.6.0
      node-fetch: registry.npmmirror.com/node-fetch/2.6.7
      smart-buffer: registry.npmmirror.com/smart-buffer/4.2.0
      uuid-1345: registry.npmmirror.com/uuid-1345/1.0.2
    transitivePeerDependencies:
      - encoding
      - supports-color
    dev: false

  registry.npmmirror.com/prismarine-biome/1.2.1_4d56a6996ed36a6005359fbe30de62d8:
    resolution: {integrity: sha512-bfClX/NKMDkmA//0o1za3Nmcd1krmnv8hmjIYRS435dQvDJ2MKmCkDGUJ5CTy2epB976CDgzj9h1JT1a8MUn1Q==, registry: https://registry.npm.taobao.org/, tarball: https://registry.npmmirror.com/prismarine-biome/-/prismarine-biome-1.2.1.tgz}
    id: registry.npmmirror.com/prismarine-biome/1.2.1
    name: prismarine-biome
    version: 1.2.1
    peerDependencies:
      minecraft-data: ^2.0.0
      prismarine-registry: ^1.1.0
    dependencies:
      minecraft-data: registry.npmmirror.com/minecraft-data/2.220.0
      prismarine-registry: registry.npmmirror.com/prismarine-registry/1.1.0
    dev: false

  registry.npmmirror.com/prismarine-block/1.15.0_minecraft-data@2.220.0:
    resolution: {integrity: sha512-h9vJK9N2sg5FaZbWf4oBQK+TWqFlDc7grRUPRpGt8Lv6948x2u6JYgcSrRGY1LUsyR8B1ii/M8b686GEU6VPbA==, registry: https://registry.npm.taobao.org/, tarball: https://registry.npmmirror.com/prismarine-block/-/prismarine-block-1.15.0.tgz}
    id: registry.npmmirror.com/prismarine-block/1.15.0
    name: prismarine-block
    version: 1.15.0
    peerDependencies:
      minecraft-data: ^2.113.1
    dependencies:
      minecraft-data: registry.npmmirror.com/minecraft-data/2.220.0
      prismarine-biome: registry.npmmirror.com/prismarine-biome/1.2.1_4d56a6996ed36a6005359fbe30de62d8
      prismarine-chat: registry.npmmirror.com/prismarine-chat/1.6.0
      prismarine-item: registry.npmmirror.com/prismarine-item/1.11.3
      prismarine-nbt: registry.npmmirror.com/prismarine-nbt/2.2.0
      prismarine-registry: registry.npmmirror.com/prismarine-registry/1.1.0
    dev: false

  registry.npmmirror.com/prismarine-chat/1.6.0:
    resolution: {integrity: sha512-vgA0Iq2G4/GE4VNvtvQL/3XCHzCXi8rCb4WWyM2DR4q/7vg+4G93ZtKxphy7wlgPbB3qzQLneZz99O67TkZahA==, registry: https://registry.npm.taobao.org/, tarball: https://registry.npmmirror.com/prismarine-chat/-/prismarine-chat-1.6.0.tgz}
    name: prismarine-chat
    version: 1.6.0
    dependencies:
      minecraft-data: registry.npmmirror.com/minecraft-data/2.220.0
      mojangson: registry.npmmirror.com/mojangson/2.0.2
      prismarine-item: registry.npmmirror.com/prismarine-item/1.11.3
      prismarine-nbt: registry.npmmirror.com/prismarine-nbt/2.2.0
      sprintf-js: registry.npmmirror.com/sprintf-js/1.1.2
    dev: false

  registry.npmmirror.com/prismarine-chunk/1.30.0:
    resolution: {integrity: sha512-hq8Vtslm79nI/KnMWwbd5nHEUURF4kkIW1UPjNI5YzwFKJcb8Z6kRkozCxFr8L1Qk/A7fxdKGHaRxTMZeor+1g==, registry: https://registry.npm.taobao.org/, tarball: https://registry.npmmirror.com/prismarine-chunk/-/prismarine-chunk-1.30.0.tgz}
    name: prismarine-chunk
    version: 1.30.0
    engines: {node: '>=14'}
    dependencies:
      minecraft-data: registry.npmmirror.com/minecraft-data/2.220.0
      prismarine-biome: registry.npmmirror.com/prismarine-biome/1.2.1_4d56a6996ed36a6005359fbe30de62d8
      prismarine-block: registry.npmmirror.com/prismarine-block/1.15.0_minecraft-data@2.220.0
      prismarine-registry: registry.npmmirror.com/prismarine-registry/1.1.0
      smart-buffer: registry.npmmirror.com/smart-buffer/4.2.0
      uint4: registry.npmmirror.com/uint4/0.1.2
      vec3: registry.npmmirror.com/vec3/0.1.7
      xxhash-wasm: registry.npmmirror.com/xxhash-wasm/0.4.2
    dev: false

  registry.npmmirror.com/prismarine-entity/1.2.0:
    resolution: {integrity: sha512-4dQ9LYl6HDJQrwZHjSKU4D5VNyHRnfrjcw7eVLlbRPkuR50utW5mmfPi4ys9U7tHNmGWHC/cwjH9xzT75LUovQ==, registry: https://registry.npm.taobao.org/, tarball: https://registry.npmmirror.com/prismarine-entity/-/prismarine-entity-1.2.0.tgz}
    name: prismarine-entity
    version: 1.2.0
    dependencies:
      vec3: registry.npmmirror.com/vec3/0.1.7
    dev: false

  registry.npmmirror.com/prismarine-entity/2.1.0:
    resolution: {integrity: sha512-EK+YjhdVAwf7M/ZoVLjPB2Vm4YVapzzYRyWrAA2lyyAKXN1ktxZwkPOM16Vx1VN+JhGYi9MYc2HVTxY2R4QWLA==, registry: https://registry.npm.taobao.org/, tarball: https://registry.npmmirror.com/prismarine-entity/-/prismarine-entity-2.1.0.tgz}
    name: prismarine-entity
    version: 2.1.0
    dependencies:
      minecraft-data: registry.npmmirror.com/minecraft-data/2.220.0
      prismarine-chat: registry.npmmirror.com/prismarine-chat/1.6.0
      prismarine-item: registry.npmmirror.com/prismarine-item/1.11.3
      vec3: registry.npmmirror.com/vec3/0.1.7
    dev: false

  registry.npmmirror.com/prismarine-item/1.11.3:
    resolution: {integrity: sha512-3zgExGF6hektrRlvarkh+il2wp4EyPzi7oJiOxabeaqSfc17taBbJubPJeEZHdi7sy4sB0diF10PgrESD8mc3Q==, registry: https://registry.npm.taobao.org/, tarball: https://registry.npmmirror.com/prismarine-item/-/prismarine-item-1.11.3.tgz}
    name: prismarine-item
    version: 1.11.3
    dependencies:
      minecraft-data: registry.npmmirror.com/minecraft-data/2.220.0
      prismarine-nbt: registry.npmmirror.com/prismarine-nbt/2.2.0
    dev: false

  registry.npmmirror.com/prismarine-nbt/2.2.0:
    resolution: {integrity: sha512-6UgW9gkurSs2+L6el6bVHvK5BmfAdMv9ixY+zn4GSaTSOzuWumspErpStxo9RbeixmVq66dd0OQu1tHYXVkX8g==, registry: https://registry.npm.taobao.org/, tarball: https://registry.npmmirror.com/prismarine-nbt/-/prismarine-nbt-2.2.0.tgz}
    name: prismarine-nbt
    version: 2.2.0
    dependencies:
      protodef: registry.npmmirror.com/protodef/1.15.0
    dev: false

  registry.npmmirror.com/prismarine-physics/1.4.0:
    resolution: {integrity: sha512-RiBl/9WFg5TBwoAj1pDWEBF4A7iauJ4WK3JoUfOsr3tO9EPGNR8pEPMJ2VftG2OzDIz70jjsg7L8ISyBva8Ncw==, registry: https://registry.npm.taobao.org/, tarball: https://registry.npmmirror.com/prismarine-physics/-/prismarine-physics-1.4.0.tgz}
    name: prismarine-physics
    version: 1.4.0
    dependencies:
      minecraft-data: registry.npmmirror.com/minecraft-data/2.220.0
      prismarine-nbt: registry.npmmirror.com/prismarine-nbt/2.2.0
      vec3: registry.npmmirror.com/vec3/0.1.7
    dev: false

  registry.npmmirror.com/prismarine-recipe/1.1.0_minecraft-data@2.220.0:
    resolution: {integrity: sha512-eFmriEWoe6S6OSVbOJnsXpaBuzeIzjaGymDUTCtrOu80734NWKI7outdLI6R2ztJ+f2PFIkFmpkazAdScStGNA==, registry: https://registry.npm.taobao.org/, tarball: https://registry.npmmirror.com/prismarine-recipe/-/prismarine-recipe-1.1.0.tgz}
    id: registry.npmmirror.com/prismarine-recipe/1.1.0
    name: prismarine-recipe
    version: 1.1.0
    peerDependencies:
      minecraft-data: ^2.0.0
    dependencies:
      minecraft-data: registry.npmmirror.com/minecraft-data/2.220.0
    dev: false

  registry.npmmirror.com/prismarine-registry/1.1.0:
    resolution: {integrity: sha512-zCI4LRRGATsqz2KQ6JKbgWMCTAsYcSDq/GuUQohS5XVW223byzZNHqwsqZLBScAvLnvWmfhe/Ok/UgJcrXxfRw==, registry: https://registry.npm.taobao.org/, tarball: https://registry.npmmirror.com/prismarine-registry/-/prismarine-registry-1.1.0.tgz}
    name: prismarine-registry
    version: 1.1.0
    dependencies:
      minecraft-data: registry.npmmirror.com/minecraft-data/2.220.0
      prismarine-nbt: registry.npmmirror.com/prismarine-nbt/2.2.0
    dev: false

  registry.npmmirror.com/prismarine-windows/1.6.0:
    resolution: {integrity: sha512-026LG1yR76Xb62kM+W83IWT7Wy2yKplllbXNFBF2m0Lr4k4YpYKnpLb8tRft8MLOLRbYAt/KnxE/YKvRZul7kw==, registry: https://registry.npm.taobao.org/, tarball: https://registry.npmmirror.com/prismarine-windows/-/prismarine-windows-1.6.0.tgz}
    name: prismarine-windows
    version: 1.6.0
    dependencies:
      prismarine-item: registry.npmmirror.com/prismarine-item/1.11.3
    dev: false

  registry.npmmirror.com/prismarine-windows/2.4.3:
    resolution: {integrity: sha512-cwY8Pw8LcfWmTMlxg88hwj4JbEqqKivuwbWnu/jy9Qd6dPI80AtLBSrxsdVkJ9siy2imc1xP5vs+RxInzZo+TA==, registry: https://registry.npm.taobao.org/, tarball: https://registry.npmmirror.com/prismarine-windows/-/prismarine-windows-2.4.3.tgz}
    name: prismarine-windows
    version: 2.4.3
    dependencies:
      minecraft-data: registry.npmmirror.com/minecraft-data/2.220.0
      prismarine-item: registry.npmmirror.com/prismarine-item/1.11.3
    dev: false

  registry.npmmirror.com/prismarine-world/3.6.0:
    resolution: {integrity: sha512-rAudKWNOfiDrDaBlXx9/5B4CO/kc5G1RBq3GFAu1ov6GwUq8Ib8KXYeHPsoJwN3tfVDuFaJjncgsShqdoSmP0w==, registry: https://registry.npm.taobao.org/, tarball: https://registry.npmmirror.com/prismarine-world/-/prismarine-world-3.6.0.tgz}
    name: prismarine-world
    version: 3.6.0
    engines: {nodejs: '>=8.0.0'}
    dependencies:
      vec3: registry.npmmirror.com/vec3/0.1.7
    dev: false

  registry.npmmirror.com/protodef-validator/1.3.1:
    resolution: {integrity: sha512-lZ5FWKZYR9xOjpMw1+EfZRfCjzNRQWPq+Dk+jki47Sikl2EeWEPnTfnJERwnU/EwFq6us+0zqHHzSsmLeYX+Lg==, registry: https://registry.npm.taobao.org/, tarball: https://registry.npmmirror.com/protodef-validator/-/protodef-validator-1.3.1.tgz}
    name: protodef-validator
    version: 1.3.1
    hasBin: true
    dependencies:
      ajv: registry.npmmirror.com/ajv/6.12.6
    dev: false

  registry.npmmirror.com/protodef/1.15.0:
    resolution: {integrity: sha512-bZ2Omw8dT+DACjJHLrBWZlqN4MlT9g9oSpJDdkUAJOStUzgJp+Zn42FJfPUdwutUxjaxA0PftN0PDlNa2XbneA==, registry: https://registry.npm.taobao.org/, tarball: https://registry.npmmirror.com/protodef/-/protodef-1.15.0.tgz}
    name: protodef
    version: 1.15.0
    engines: {node: '>=14'}
    dependencies:
      lodash.get: registry.npmmirror.com/lodash.get/4.4.2
      lodash.reduce: registry.npmmirror.com/lodash.reduce/4.6.0
      protodef-validator: registry.npmmirror.com/protodef-validator/1.3.1
      readable-stream: registry.npmmirror.com/readable-stream/3.6.0
    dev: false

  registry.npmmirror.com/punycode/2.1.1:
    resolution: {integrity: sha512-XRsRjdf+j5ml+y/6GKHPZbrF/8p2Yga0JPtdqTIY2Xe5ohJPD9saDJJLPvp9+NSBprVvevdXZybnj2cv8OEd0A==, registry: https://registry.npm.taobao.org/, tarball: https://registry.npmmirror.com/punycode/-/punycode-2.1.1.tgz}
    name: punycode
    version: 2.1.1
    engines: {node: '>=6'}
    dev: false

  registry.npmmirror.com/railroad-diagrams/1.0.0:
    resolution: {integrity: sha512-cz93DjNeLY0idrCNOH6PviZGRN9GJhsdm9hpn1YCS879fj4W+x5IFJhhkRZcwVgMmFF7R82UA/7Oh+R8lLZg6A==, registry: https://registry.npm.taobao.org/, tarball: https://registry.npmmirror.com/railroad-diagrams/-/railroad-diagrams-1.0.0.tgz}
    name: railroad-diagrams
    version: 1.0.0
    dev: false

  registry.npmmirror.com/randexp/0.4.6:
    resolution: {integrity: sha512-80WNmd9DA0tmZrw9qQa62GPPWfuXJknrmVmLcxvq4uZBdYqb1wYoKTmnlGUchvVWe0XiLupYkBoXVOxz3C8DYQ==, registry: https://registry.npm.taobao.org/, tarball: https://registry.npmmirror.com/randexp/-/randexp-0.4.6.tgz}
    name: randexp
    version: 0.4.6
    engines: {node: '>=0.12'}
    dependencies:
      discontinuous-range: registry.npmmirror.com/discontinuous-range/1.0.0
      ret: registry.npmmirror.com/ret/0.1.15
    dev: false

  registry.npmmirror.com/readable-stream/3.6.0:
    resolution: {integrity: sha512-BViHy7LKeTz4oNnkcLJ+lVSL6vpiFeX6/d3oSH8zCW7UxP2onchk+vTGB143xuFjHS3deTgkKoXXymXqymiIdA==, registry: https://registry.npm.taobao.org/, tarball: https://registry.npmmirror.com/readable-stream/-/readable-stream-3.6.0.tgz}
    name: readable-stream
    version: 3.6.0
    engines: {node: '>= 6'}
    dependencies:
      inherits: registry.npmmirror.com/inherits/2.0.4
      string_decoder: registry.npmmirror.com/string_decoder/1.3.0
      util-deprecate: registry.npmmirror.com/util-deprecate/1.0.2
    dev: false

  registry.npmmirror.com/require-self/0.2.3:
    resolution: {integrity: sha512-keGBWkK0PWJGFAd6IznpjM5zZzySbsrvzq0ElXpZ4G8hzymV9I+/OnC916MF5mRxHRWSZKGIyCFJ73BZFz3xaA==, registry: https://registry.npm.taobao.org/, tarball: https://registry.npmmirror.com/require-self/-/require-self-0.2.3.tgz}
    name: require-self
    version: 0.2.3
    hasBin: true
    dev: false

  registry.npmmirror.com/ret/0.1.15:
    resolution: {integrity: sha512-TTlYpa+OL+vMMNG24xSlQGEJ3B/RzEfUlLct7b5G/ytav+wPrplCpVMFuwzXbkecJrb6IYo1iFb0S9v37754mg==, registry: https://registry.npm.taobao.org/, tarball: https://registry.npmmirror.com/ret/-/ret-0.1.15.tgz}
    name: ret
    version: 0.1.15
    engines: {node: '>=0.12'}
    dev: false

  registry.npmmirror.com/safe-buffer/5.2.1:
    resolution: {integrity: sha512-rp3So07KcdmmKbGvgaNxQSJr7bGVSVk5S9Eq1F+ppbRo70+YeaDxkw5Dd8NPN+GD6bjnYm2VuPuCXmpuYvmCXQ==, registry: https://registry.npm.taobao.org/, tarball: https://registry.npmmirror.com/safe-buffer/-/safe-buffer-5.2.1.tgz}
    name: safe-buffer
    version: 5.2.1
    dev: false

  registry.npmmirror.com/semver/5.7.1:
    resolution: {integrity: sha512-sauaDf/PZdVgrLTNYHRtpXa1iRiKcaebiKQ1BJdpQlWH2lCvexQdX55snPFyK7QzpudqbCI0qXFfOasHdyNDGQ==, registry: https://registry.npm.taobao.org/, tarball: https://registry.npmmirror.com/semver/-/semver-5.7.1.tgz}
    name: semver
    version: 5.7.1
    hasBin: true
    dev: false

  registry.npmmirror.com/smart-buffer/4.2.0:
    resolution: {integrity: sha512-94hK0Hh8rPqQl2xXc3HsaBoOXKV20MToPkcXvwbISWLEs+64sBq5kFgn2kJDHb1Pry9yrP0dxrCI9RRci7RXKg==, registry: https://registry.npm.taobao.org/, tarball: https://registry.npmmirror.com/smart-buffer/-/smart-buffer-4.2.0.tgz}
    name: smart-buffer
    version: 4.2.0
    engines: {node: '>= 6.0.0', npm: '>= 3.0.0'}
    dev: false

  registry.npmmirror.com/sprintf-js/1.1.2:
    resolution: {integrity: sha512-VE0SOVEHCk7Qc8ulkWw3ntAzXuqf7S2lvwQaDLRnUeIEaKNQJzV6BwmLKhOqT61aGhfUMrXeaBk+oDGCzvhcug==, registry: https://registry.npm.taobao.org/, tarball: https://registry.npmmirror.com/sprintf-js/-/sprintf-js-1.1.2.tgz}
    name: sprintf-js
    version: 1.1.2
    dev: false

  registry.npmmirror.com/string_decoder/1.3.0:
    resolution: {integrity: sha512-hkRX8U1WjJFd8LsDJ2yQ/wWWxaopEsABU1XfkM8A+j0+85JAGppt16cr1Whg6KIbb4okU6Mql6BOj+uup/wKeA==, registry: https://registry.npm.taobao.org/, tarball: https://registry.npmmirror.com/string_decoder/-/string_decoder-1.3.0.tgz}
    name: string_decoder
    version: 1.3.0
    dependencies:
      safe-buffer: registry.npmmirror.com/safe-buffer/5.2.1
    dev: false

  registry.npmmirror.com/tr46/0.0.3:
    resolution: {integrity: sha512-N3WMsuqV66lT30CrXNbEjx4GEwlow3v6rr4mCcv6prnfwhS01rkgyFdjPNBYd9br7LpXV1+Emh01fHnq2Gdgrw==, registry: https://registry.npm.taobao.org/, tarball: https://registry.npmmirror.com/tr46/-/tr46-0.0.3.tgz}
    name: tr46
    version: 0.0.3
    dev: false

  registry.npmmirror.com/typed-emitter/1.4.0:
    resolution: {integrity: sha512-weBmoo3HhpKGgLBOYwe8EB31CzDFuaK7CCL+axXhUYhn4jo6DSkHnbefboCF5i4DQ2aMFe0C/FdTWcPdObgHyg==, registry: https://registry.npm.taobao.org/, tarball: https://registry.npmmirror.com/typed-emitter/-/typed-emitter-1.4.0.tgz}
    name: typed-emitter
    version: 1.4.0
    dev: false

  registry.npmmirror.com/typescript/3.9.10:
    resolution: {integrity: sha512-w6fIxVE/H1PkLKcCPsFqKE7Kv7QUwhU8qQY2MueZXWx5cPZdwFupLgKK3vntcK98BtNHZtAF4LA/yl2a7k8R6Q==, registry: https://registry.npm.taobao.org/, tarball: https://registry.npmmirror.com/typescript/-/typescript-3.9.10.tgz}
    name: typescript
    version: 3.9.10
    engines: {node: '>=4.2.0'}
    hasBin: true
    dev: false

  registry.npmmirror.com/uint4/0.1.2:
    resolution: {integrity: sha512-lhEx78gdTwFWG+mt6cWAZD/R6qrIj0TTBeH5xwyuDJyswLNlGe+KVlUPQ6+mx5Ld332pS0AMUTo9hIly7YsWxQ==, registry: https://registry.npm.taobao.org/, tarball: https://registry.npmmirror.com/uint4/-/uint4-0.1.2.tgz}
    name: uint4
    version: 0.1.2
    dev: false

  registry.npmmirror.com/uri-js/4.4.1:
    resolution: {integrity: sha512-7rKUyy33Q1yc98pQ1DAmLtwX109F7TIfWlW1Ydo8Wl1ii1SeHieeh0HHfPeL2fMXK6z0s8ecKs9frCuLJvndBg==, registry: https://registry.npm.taobao.org/, tarball: https://registry.npmmirror.com/uri-js/-/uri-js-4.4.1.tgz}
    name: uri-js
    version: 4.4.1
    dependencies:
      punycode: registry.npmmirror.com/punycode/2.1.1
    dev: false

  registry.npmmirror.com/util-deprecate/1.0.2:
    resolution: {integrity: sha512-EPD5q1uXyFxJpCrLnCc1nHnq3gOa6DZBocAIiI2TaSCA7VCJ1UJDMagCzIkXNsUYfD1daK//LTEQ8xiIbrHtcw==, registry: https://registry.npm.taobao.org/, tarball: https://registry.npmmirror.com/util-deprecate/-/util-deprecate-1.0.2.tgz}
    name: util-deprecate
    version: 1.0.2
    dev: false

  registry.npmmirror.com/uuid-1345/1.0.2:
    resolution: {integrity: sha512-bA5zYZui+3nwAc0s3VdGQGBfbVsJLVX7Np7ch2aqcEWFi5lsAEcmO3+lx3djM1npgpZI8KY2FITZ2uYTnYUYyw==, registry: https://registry.npm.taobao.org/, tarball: https://registry.npmmirror.com/uuid-1345/-/uuid-1345-1.0.2.tgz}
    name: uuid-1345
    version: 1.0.2
    dependencies:
      macaddress: registry.npmmirror.com/macaddress/0.5.2
    dev: false

  registry.npmmirror.com/uuid/8.3.2:
    resolution: {integrity: sha512-+NYs2QeMWy+GWFOEm9xnn6HCDp0l7QBD7ml8zLUmJ+93Q5NF0NocErnwkTkXVFNiX3/fpC6afS8Dhb/gz7R7eg==, registry: https://registry.npm.taobao.org/, tarball: https://registry.npmmirror.com/uuid/-/uuid-8.3.2.tgz}
    name: uuid
    version: 8.3.2
    hasBin: true
    dev: false

  registry.npmmirror.com/vec3/0.1.7:
    resolution: {integrity: sha512-EZSeXBL+L3go2wWwtQQse4fEcNGIQjT14qvi4LYVj1ifZt/J5XZ1QZqkDuOVVH07YwTEIFbsAv3pzwUpF7x9Wg==, registry: https://registry.npm.taobao.org/, tarball: https://registry.npmmirror.com/vec3/-/vec3-0.1.7.tgz}
    name: vec3
    version: 0.1.7
    dev: false

  registry.npmmirror.com/webidl-conversions/3.0.1:
    resolution: {integrity: sha512-2JAn3z8AR6rjK8Sm8orRC0h/bcl/DqL7tRPdGZ4I1CjdF+EaMLmYxBHyXuKL849eucPFhvBoxMsflfOb8kxaeQ==, registry: https://registry.npm.taobao.org/, tarball: https://registry.npmmirror.com/webidl-conversions/-/webidl-conversions-3.0.1.tgz}
    name: webidl-conversions
    version: 3.0.1
    dev: false

  registry.npmmirror.com/whatwg-url/5.0.0:
    resolution: {integrity: sha512-saE57nupxk6v3HY35+jzBwYa0rKSy0XR8JSxZPwgLr7ys0IBzhGviA1/TUGJLmSVqs8pb9AnvICXEuOHLprYTw==, registry: https://registry.npm.taobao.org/, tarball: https://registry.npmmirror.com/whatwg-url/-/whatwg-url-5.0.0.tgz}
    name: whatwg-url
    version: 5.0.0
    dependencies:
      tr46: registry.npmmirror.com/tr46/0.0.3
      webidl-conversions: registry.npmmirror.com/webidl-conversions/3.0.1
    dev: false

  registry.npmmirror.com/xxhash-wasm/0.4.2:
    resolution: {integrity: sha512-/eyHVRJQCirEkSZ1agRSCwriMhwlyUcFkXD5TPVSLP+IPzjsqMVzZwdoczLp1SoQU0R3dxz1RpIK+4YNQbCVOA==, registry: https://registry.npm.taobao.org/, tarball: https://registry.npmmirror.com/xxhash-wasm/-/xxhash-wasm-0.4.2.tgz}
    name: xxhash-wasm
    version: 0.4.2
    dev: false

  registry.npmmirror.com/yggdrasil/1.6.1:
    resolution: {integrity: sha512-6rUJ0A7YNVNd1K+8EvmVUc+l8CbhW7VKnN747BrC+YCukZj9C5rNsGxIZGf4MwxMHFDy/YNY++Gqf0VUxKy2ww==, registry: https://registry.npm.taobao.org/, tarball: https://registry.npmmirror.com/yggdrasil/-/yggdrasil-1.6.1.tgz}
    name: yggdrasil
    version: 1.6.1
    dependencies:
      node-fetch: registry.npmmirror.com/node-fetch/2.6.7
      uuid: registry.npmmirror.com/uuid/8.3.2
    transitivePeerDependencies:
      - encoding
    dev: false
